{
  "version": "5",
  "specifiers": {
    "npm:openai@^6.10.0": "6.10.0"
  },
  "npm": {
    "openai@6.10.0": {
      "integrity": "sha512-ITxOGo7rO3XRMiKA5l7tQ43iNNu+iXGFAcf2t+aWVzzqRaS0i7m1K2BhxNdaveB+5eENhO0VY1FkiZzhBk4v3A==",
      "bin": true
    }
  },
  "workspace": {
    "dependencies": [
      "npm:openai@^6.10.0"
    ]
  }
}
